
Microsoft Visual Studio Solution File, Format Version 12.00
# Visual Studio Version 17
VisualStudioVersion = 17.14.36221.1 d17.14
MinimumVisualStudioVersion = 10.0.40219.1
Project("{FAE04EC0-301F-11D3-BF4B-00C04F79EFBC}") = "Online Admission System", "Online Admission System.csproj", "{5397EC97-7897-4762-8FEC-856C0489103F}"
EndProject
Global
	GlobalSection(SolutionConfigurationPlatforms) = preSolution
		Debug|Any CPU = Debug|Any CPU
		Release|Any CPU = Release|Any CPU
	EndGlobalSection
	GlobalSection(ProjectConfigurationPlatforms) = postSolution
		{5397EC97-7897-4762-8FEC-856C0489103F}.Debug|Any CPU.ActiveCfg = Debug|Any CPU
		{5397EC97-7897-4762-8FEC-856C0489103F}.Debug|Any CPU.Build.0 = Debug|Any CPU
		{5397EC97-7897-4762-8FEC-856C0489103F}.Release|Any CPU.ActiveCfg = Release|Any CPU
		{5397EC97-7897-4762-8FEC-856C0489103F}.Release|Any CPU.Build.0 = Release|Any CPU
	EndGlobalSection
	GlobalSection(SolutionProperties) = preSolution
		HideSolutionNode = FALSE
	EndGlobalSection
	GlobalSection(ExtensibilityGlobals) = postSolution
		SolutionGuid = {3D7A6944-E4C5-49A6-A3BA-B3B14224A66F}
	EndGlobalSection
EndGlobal
